
Microsoft Visual Studio Solution File, Format Version 12.00
# Visual Studio 2013
VisualStudioVersion = 12.0.31101.0
MinimumVisualStudioVersion = 10.0.40219.1
Project("{8BC9CEB8-8B4A-11D0-8D11-00A0C91BC942}") = "OctoEngine", "OctoEngine\OctoEngine.vcxproj", "{13DEA400-9630-44DB-B859-E78AD0C59955}"
EndProject
Project("{8BC9CEB8-8B4A-11D0-8D11-00A0C91BC942}") = "OctoEngineTester", "EngineTester\EngineTester.vcxproj", "{25FCBFD8-013C-4069-9405-62A0888159A2}"
EndProject
Global
	GlobalSection(SolutionConfigurationPlatforms) = preSolution
		Debug|Win32 = Debug|Win32
		Release|Win32 = Release|Win32
	EndGlobalSection
	GlobalSection(ProjectConfigurationPlatforms) = postSolution
		{13DEA400-9630-44DB-B859-E78AD0C59955}.Debug|Win32.ActiveCfg = Debug|Win32
		{13DEA400-9630-44DB-B859-E78AD0C59955}.Debug|Win32.Build.0 = Debug|Win32
		{13DEA400-9630-44DB-B859-E78AD0C59955}.Release|Win32.ActiveCfg = Release|Win32
		{13DEA400-9630-44DB-B859-E78AD0C59955}.Release|Win32.Build.0 = Release|Win32
		{25FCBFD8-013C-4069-9405-62A0888159A2}.Debug|Win32.ActiveCfg = Debug|Win32
		{25FCBFD8-013C-4069-9405-62A0888159A2}.Debug|Win32.Build.0 = Debug|Win32
		{25FCBFD8-013C-4069-9405-62A0888159A2}.Release|Win32.ActiveCfg = Release|Win32
		{25FCBFD8-013C-4069-9405-62A0888159A2}.Release|Win32.Build.0 = Release|Win32
	EndGlobalSection
	GlobalSection(SolutionProperties) = preSolution
		HideSolutionNode = FALSE
	EndGlobalSection
EndGlobal
